
Microsoft Visual Studio Solution File, Format Version 12.00
# Visual Studio Version 16
VisualStudioVersion = 16.0.29519.87
MinimumVisualStudioVersion = 10.0.40219.1
Project("{FAE04EC0-301F-11D3-BF4B-00C04F79EFBC}") = "EFEX1", "EFEX1\EFEX1.csproj", "{42D785B5-EE7C-451D-9C92-7C10677A7807}"
EndProject
Global
	GlobalSection(SolutionConfigurationPlatforms) = preSolution
		Debug|Any CPU = Debug|Any CPU
		Release|Any CPU = Release|Any CPU
	EndGlobalSection
	GlobalSection(ProjectConfigurationPlatforms) = postSolution
		{42D785B5-EE7C-451D-9C92-7C10677A7807}.Debug|Any CPU.ActiveCfg = Debug|Any CPU
		{42D785B5-EE7C-451D-9C92-7C10677A7807}.Debug|Any CPU.Build.0 = Debug|Any CPU
		{42D785B5-EE7C-451D-9C92-7C10677A7807}.Release|Any CPU.ActiveCfg = Release|Any CPU
		{42D785B5-EE7C-451D-9C92-7C10677A7807}.Release|Any CPU.Build.0 = Release|Any CPU
	EndGlobalSection
	GlobalSection(SolutionProperties) = preSolution
		HideSolutionNode = FALSE
	EndGlobalSection
	GlobalSection(ExtensibilityGlobals) = postSolution
		SolutionGuid = {69679E04-4777-456D-8DBF-3E29FCB503DB}
	EndGlobalSection
EndGlobal
